uuid: ebc93245-36e0-487a-b535-40a92f49e13a
langcode: en
status: true
dependencies:
  module:
    - thm_tools
  theme:
    - thm
id: headermenusblock
theme: thm
region: header
weight: -12
provider: null
plugin: header_menus
settings:
  id: header_menus
  label: 'Header Menus Block'
  label_display: '0'
  provider: thm_tools
visibility: {  }
